version = 1
revision = 1
requires-python = ">=3.9, <4"

[[package]]
name = "black"
version = "22.8.0"
source = { registry = "https://pypi.org/simple" }
dependencies = [
    { name = "click" },
    { name = "mypy-extensions" },
    { name = "pathspec" },
    { name = "platformdirs" },
    { name = "tomli", marker = "python_full_version < '3.11'" },
    { name = "typing-extensions", marker = "python_full_version < '3.10'" },
]
sdist = { url = "https://files.pythonhosted.org/packages/3a/1b/38a013f75022fae724ed766fdac5f6777544c45eecbe00a6d8fd91a2a26b/black-22.8.0.tar.gz", hash = "sha256:792f7eb540ba9a17e8656538701d3eb1afcb134e3b45b71f20b25c77a8db7e6e", size = 577317 }
wheels = [
    { url = "https://files.pythonhosted.org/packages/67/e9/d6e8365eae2dd2b0d9fcdff129a88ab316a545ab44445c92ae8353c7f5ef/black-22.8.0-cp310-cp310-macosx_10_9_universal2.whl", hash = "sha256:ce957f1d6b78a8a231b18e0dd2d94a33d2ba738cd88a7fe64f53f659eea49fdd", size = 2476778 },
    { url = "https://files.pythonhosted.org/packages/b9/d2/7476c40f3ed871047e5ef4e27a6e946b3aac5357fe9a2e08548c95b79327/black-22.8.0-cp310-cp310-macosx_10_9_x86_64.whl", hash = "sha256:5107ea36b2b61917956d018bd25129baf9ad1125e39324a9b18248d362156a27", size = 1403144 },
    { url = "https://files.pythonhosted.org/packages/0e/08/daaae4173461abc664563e651a1e3c5edc9570ca03283793a444becb9c2f/black-22.8.0-cp310-cp310-macosx_11_0_arm64.whl", hash = "sha256:e8166b7bfe5dcb56d325385bd1d1e0f635f24aae14b3ae437102dedc0c186747", size = 1238447 },
    { url = "https://files.pythonhosted.org/packages/d5/0a/c86b68b24812deaceb48dc7e335fde0f1289e04171ef2fc5ff8eecc50102/black-22.8.0-cp310-cp310-manylinux_2_17_x86_64.manylinux2014_x86_64.whl", hash = "sha256:dd82842bb272297503cbec1a2600b6bfb338dae017186f8f215c8958f8acf869", size = 1529233 },
    { url = "https://files.pythonhosted.org/packages/86/9c/25cab63ed9440df5dba7688d4b55123f4bb352dc48ddf93d2b32c882dbe1/black-22.8.0-cp310-cp310-win_amd64.whl", hash = "sha256:d839150f61d09e7217f52917259831fe2b689f5c8e5e32611736351b89bb2a90", size = 1191248 },
    { url = "https://files.pythonhosted.org/packages/4d/44/466ae995a55a5c8d5914e0f02520cb64710fbc3e2df8eddc4d2a54bf6a7e/black-22.8.0-cp39-cp39-macosx_10_9_universal2.whl", hash = "sha256:8ce13ffed7e66dda0da3e0b2eb1bdfc83f5812f66e09aca2b0978593ed636b6c", size = 2476218 },
    { url = "https://files.pythonhosted.org/packages/18/09/63714f5c9d4d7e04c6c04603ce7fb69bf746f69caed0a3416e41bf2db168/black-22.8.0-cp39-cp39-macosx_10_9_x86_64.whl", hash = "sha256:32a4b17f644fc288c6ee2bafdf5e3b045f4eff84693ac069d87b1a347d861497", size = 1402883 },
    { url = "https://files.pythonhosted.org/packages/d4/a1/dc7bc3cc5eef263625532176015d65033425af8187b732ef2495a1cfa597/black-22.8.0-cp39-cp39-macosx_11_0_arm64.whl", hash = "sha256:0ad827325a3a634bae88ae7747db1a395d5ee02cf05d9aa7a9bd77dfb10e940c", size = 1238091 },
    { url = "https://files.pythonhosted.org/packages/71/2c/73563faaf6c8aeb31954b8e83b3284bb01ac0ec58110ed84ecec95a055f4/black-22.8.0-cp39-cp39-manylinux_2_17_x86_64.manylinux2014_x86_64.whl", hash = "sha256:53198e28a1fb865e9fe97f88220da2e44df6da82b18833b588b1883b16bb5d41", size = 1529230 },
    { url = "https://files.pythonhosted.org/packages/05/b1/9bd51244802560ea3cae386fd7c4b3dc104f3da2c71d9cebe0dd9a58cf21/black-22.8.0-cp39-cp39-win_amd64.whl", hash = "sha256:bc4d4123830a2d190e9cc42a2e43570f82ace35c3aeb26a512a2102bce5af7ec", size = 1190507 },
    { url = "https://files.pythonhosted.org/packages/c6/63/a852b07abc942dc069b5457af40feca82667cf5ed9faec7d4688a4d9c7da/black-22.8.0-py3-none-any.whl", hash = "sha256:d2c21d439b2baf7aa80d6dd4e3659259be64c6f49dfd0f32091063db0e006db4", size = 159824 },
]

[[package]]
name = "click"
version = "8.1.3"
source = { registry = "https://pypi.org/simple" }
dependencies = [
    { name = "colorama", marker = "sys_platform == 'win32'" },
]
sdist = { url = "https://files.pythonhosted.org/packages/59/87/84326af34517fca8c58418d148f2403df25303e02736832403587318e9e8/click-8.1.3.tar.gz", hash = "sha256:7682dc8afb30297001674575ea00d1814d808d6a36af415a82bd481d37ba7b8e", size = 331147 }
wheels = [
    { url = "https://files.pythonhosted.org/packages/c2/f1/df59e28c642d583f7dacffb1e0965d0e00b218e0186d7858ac5233dce840/click-8.1.3-py3-none-any.whl", hash = "sha256:bb4d8133cb15a609f44e8213d9b391b0809795062913b383c62be0ee95b1db48", size = 96588 },
]

[[package]]
name = "colorama"
version = "0.4.5"
source = { registry = "https://pypi.org/simple" }
sdist = { url = "https://files.pythonhosted.org/packages/2b/65/24d033a9325ce42ccbfa3ca2d0866c7e89cc68e5b9d92ecaba9feef631df/colorama-0.4.5.tar.gz", hash = "sha256:e6c6b4334fc50988a639d9b98aa429a0b57da6e17b9a44f0451f930b6967b7a4", size = 27469 }
wheels = [
    { url = "https://files.pythonhosted.org/packages/77/8b/7550e87b2d308a1b711725dfaddc19c695f8c5fa413c640b2be01662f4e6/colorama-0.4.5-py2.py3-none-any.whl", hash = "sha256:854bf444933e37f5824ae7bfc1e98d5bce2ebe4160d46b5edf346a89358e99da", size = 16204 },
]

[[package]]
name = "features"
version = "0.1.0"
source = { editable = "." }
dependencies = [
    { name = "temporalio" },
]

[package.dev-dependencies]
dev = [
    { name = "black" },
    { name = "isort" },
    { name = "mypy" },
]

[package.metadata]
requires-dist = [{ name = "temporalio", specifier = ">=1.9.0,<2" }]

[package.metadata.requires-dev]
dev = [
    { name = "black", specifier = ">=22.3.0,<23" },
    { name = "isort", specifier = ">=5.10.1,<6" },
    { name = "mypy", specifier = ">=0.961,<0.962" },
]

[[package]]
name = "isort"
version = "5.10.1"
source = { registry = "https://pypi.org/simple" }
sdist = { url = "https://files.pythonhosted.org/packages/ab/e9/964cb0b2eedd80c92f5172f1f8ae0443781a9d461c1372a3ce5762489593/isort-5.10.1.tar.gz", hash = "sha256:e8443a5e7a020e9d7f97f1d7d9cd17c88bcb3bc7e218bf9cf5095fe550be2951", size = 174062 }
wheels = [
    { url = "https://files.pythonhosted.org/packages/b8/5b/f18e227df38b94b4ee30d2502fd531bebac23946a2497e5595067a561274/isort-5.10.1-py3-none-any.whl", hash = "sha256:6f62d78e2f89b4500b080fe3a81690850cd254227f27f75c3a0c491a1f351ba7", size = 103430 },
]

[[package]]
name = "mypy"
version = "0.961"
source = { registry = "https://pypi.org/simple" }
dependencies = [
    { name = "mypy-extensions" },
    { name = "tomli", marker = "python_full_version < '3.11'" },
    { name = "typing-extensions" },
]
sdist = { url = "https://files.pythonhosted.org/packages/67/48/e73045183ce9824d98365f18255a79d0b01638f40a0a68f898dc8f3cebcc/mypy-0.961.tar.gz", hash = "sha256:f730d56cb924d371c26b8eaddeea3cc07d78ff51c521c6d04899ac6904b75492", size = 2715861 }
wheels = [
    { url = "https://files.pythonhosted.org/packages/86/df/16748348d0119a6f2528f370e20f644a15ffb8a335a79e91023babc34d0b/mypy-0.961-cp310-cp310-macosx_10_9_universal2.whl", hash = "sha256:697540876638ce349b01b6786bc6094ccdaba88af446a9abb967293ce6eaa2b0", size = 18984257 },
    { url = "https://files.pythonhosted.org/packages/46/d7/3cf7605655f78daded7a23e66f632b50a3b3a8b4262739782f558f8949cf/mypy-0.961-cp310-cp310-macosx_10_9_x86_64.whl", hash = "sha256:b117650592e1782819829605a193360a08aa99f1fc23d1d71e1a75a142dc7e15", size = 11318176 },
    { url = "https://files.pythonhosted.org/packages/ba/85/d59bd3b0c84a59d862d2494a3461710ad4a2a1616312414ecc95b2393310/mypy-0.961-cp310-cp310-macosx_11_0_arm64.whl", hash = "sha256:bdd5ca340beffb8c44cb9dc26697628d1b88c6bddf5c2f6eb308c46f269bb6f3", size = 10211786 },
    { url = "https://files.pythonhosted.org/packages/9c/4b/37c32ab752c1a16cd528bfa239553207108ae33c7b617f9cfea3bb6e2f00/mypy-0.961-cp310-cp310-manylinux_2_5_x86_64.manylinux1_x86_64.manylinux_2_12_x86_64.manylinux2010_x86_64.whl", hash = "sha256:3e09f1f983a71d0672bbc97ae33ee3709d10c779beb613febc36805a6e28bb4e", size = 18141102 },
    { url = "https://files.pythonhosted.org/packages/02/e0/6c11b3a6828d1bf8edd066d87588f9461bce3154e4dcc542729bbe6cdc3e/mypy-0.961-cp310-cp310-win_amd64.whl", hash = "sha256:e999229b9f3198c0c880d5e269f9f8129c8862451ce53a011326cad38b9ccd24", size = 8830705 },
    { url = "https://files.pythonhosted.org/packages/31/73/71ae84ece879f7c6fd5fbbe7c750c4663dcbd53fa5c7fa7023be59af27f5/mypy-0.961-cp39-cp39-macosx_10_9_universal2.whl", hash = "sha256:5f1332964963d4832a94bebc10f13d3279be3ce8f6c64da563d6ee6e2eeda932", size = 18977368 },
    { url = "https://files.pythonhosted.org/packages/5e/5a/1b46c161aacdff572632695a483e64ea908089b5c1b6bb92c7e59685c889/mypy-0.961-cp39-cp39-macosx_10_9_x86_64.whl", hash = "sha256:006be38474216b833eca29ff6b73e143386f352e10e9c2fbe76aa8549e5554f5", size = 11315926 },
    { url = "https://files.pythonhosted.org/packages/e3/66/9942860fc360e529dbd695b1da3dd80336095d0d3c956e416eb656fba7dd/mypy-0.961-cp39-cp39-macosx_11_0_arm64.whl", hash = "sha256:9940e6916ed9371809b35b2154baf1f684acba935cd09928952310fbddaba648", size = 10208580 },
    { url = "https://files.pythonhosted.org/packages/b4/5f/6f116003e4ddb472912c13f999127d658e56a210177e23c9d6b1538a5184/mypy-0.961-cp39-cp39-manylinux_2_5_x86_64.manylinux1_x86_64.manylinux_2_12_x86_64.manylinux2010_x86_64.whl", hash = "sha256:a5ea0875a049de1b63b972456542f04643daf320d27dc592d7c3d9cd5d9bf950", size = 18103988 },
    { url = "https://files.pythonhosted.org/packages/17/63/6a173d3b80eb6b48e22fb81f2935047657089b7509d70602c6e7dcee3cfe/mypy-0.961-cp39-cp39-win_amd64.whl", hash = "sha256:1ece702f29270ec6af25db8cf6185c04c02311c6bb21a69f423d40e527b75c56", size = 8830398 },
    { url = "https://files.pythonhosted.org/packages/cb/30/03a46a37902348b309aa5fe8a92636b9417fdcea77e20dfc1455581a0ae7/mypy-0.961-py3-none-any.whl", hash = "sha256:03c6cc893e7563e7b2949b969e63f02c000b32502a1b4d1314cabe391aa87d66", size = 2514271 },
]

[[package]]
name = "mypy-extensions"
version = "0.4.3"
source = { registry = "https://pypi.org/simple" }
sdist = { url = "https://files.pythonhosted.org/packages/63/60/0582ce2eaced55f65a4406fc97beba256de4b7a95a0034c6576458c6519f/mypy_extensions-0.4.3.tar.gz", hash = "sha256:2d82818f5bb3e369420cb3c4060a7970edba416647068eb4c5343488a6c604a8", size = 4252 }
wheels = [
    { url = "https://files.pythonhosted.org/packages/5c/eb/975c7c080f3223a5cdaff09612f3a5221e4ba534f7039db34c35d95fa6a5/mypy_extensions-0.4.3-py2.py3-none-any.whl", hash = "sha256:090fedd75945a69ae91ce1303b5824f428daf5a028d2f6ab8a299250a846f15d", size = 4470 },
]

[[package]]
name = "pathspec"
version = "0.10.1"
source = { registry = "https://pypi.org/simple" }
sdist = { url = "https://files.pythonhosted.org/packages/24/9f/a9ae1e6efa11992dba2c4727d94602bd2f6ee5f0dedc29ee2d5d572c20f7/pathspec-0.10.1.tar.gz", hash = "sha256:7ace6161b621d31e7902eb6b5ae148d12cfd23f4a249b9ffb6b9fee12084323d", size = 43155 }
wheels = [
    { url = "https://files.pythonhosted.org/packages/63/82/2179fdc39bc1bb43296f638ae1dfe2581ec2617b4e87c28b0d23d44b997f/pathspec-0.10.1-py3-none-any.whl", hash = "sha256:46846318467efc4556ccfd27816e004270a9eeeeb4d062ce5e6fc7a87c573f93", size = 27871 },
]

[[package]]
name = "platformdirs"
version = "2.5.2"
source = { registry = "https://pypi.org/simple" }
sdist = { url = "https://files.pythonhosted.org/packages/ff/7b/3613df51e6afbf2306fc2465671c03390229b55e3ef3ab9dd3f846a53be6/platformdirs-2.5.2.tar.gz", hash = "sha256:58c8abb07dcb441e6ee4b11d8df0ac856038f944ab98b7be6b27b2a3c7feef19", size = 22529 }
wheels = [
    { url = "https://files.pythonhosted.org/packages/ed/22/967181c94c3a4063fe64e15331b4cb366bdd7dfbf46fcb8ad89650026fec/platformdirs-2.5.2-py3-none-any.whl", hash = "sha256:027d8e83a2d7de06bbac4e5ef7e023c02b863d7ea5d079477e722bb41ab25788", size = 14416 },
]

[[package]]
name = "protobuf"
version = "4.21.6"
source = { registry = "https://pypi.org/simple" }
sdist = { url = "https://files.pythonhosted.org/packages/0e/25/693cd589793e7ae429ef76ab08f74b7866d342fd079cc4c723141a9660d3/protobuf-4.21.6.tar.gz", hash = "sha256:6b1040a5661cd5f6e610cbca9cfaa2a17d60e2bb545309bc1b278bb05be44bdd", size = 220327 }
wheels = [
    { url = "https://files.pythonhosted.org/packages/1e/7a/c1e9be1870890dff897a29531ca80634cf3cfef0c3ca282d975e5460dd2e/protobuf-4.21.6-cp310-abi3-win32.whl", hash = "sha256:49f88d56a9180dbb7f6199c920f5bb5c1dd0172f672983bb281298d57c2ac8eb", size = 508575 },
    { url = "https://files.pythonhosted.org/packages/f2/96/ef9fa1a6e672a7f476c4c8a93025466e587ce87623b4696b6cf5a734c60b/protobuf-4.21.6-cp310-abi3-win_amd64.whl", hash = "sha256:7a6cc8842257265bdfd6b74d088b829e44bcac3cca234c5fdd6052730017b9ea", size = 525456 },
    { url = "https://files.pythonhosted.org/packages/82/82/c9ddd52f7fae517092c284fa192f914a8fa3b45aaf435fc1ddf6bb2c831c/protobuf-4.21.6-cp37-abi3-macosx_10_9_universal2.whl", hash = "sha256:ba596b9ffb85c909fcfe1b1a23136224ed678af3faf9912d3fa483d5f9813c4e", size = 484046 },
    { url = "https://files.pythonhosted.org/packages/be/24/4d042f59b63d8d79c6c11fbf5f7cea4855d16c02cde0ad94020bc15dca73/protobuf-4.21.6-cp37-abi3-manylinux2014_aarch64.whl", hash = "sha256:4143513c766db85b9d7c18dbf8339673c8a290131b2a0fe73855ab20770f72b0", size = 403654 },
    { url = "https://files.pythonhosted.org/packages/0f/3b/523691c80572934090a76c19b92fddbaf2a3c3947ae0fee75bc8a78ed8df/protobuf-4.21.6-cp37-abi3-manylinux2014_x86_64.whl", hash = "sha256:b6cea204865595a92a7b240e4b65bcaaca3ad5d2ce25d9db3756eba06041138e", size = 408365 },
    { url = "https://files.pythonhosted.org/packages/b9/db/c30688067db6ce663d05cee2c947ea0c7de6d5fab2825cd4becda2395e56/protobuf-4.21.6-cp39-cp39-win32.whl", hash = "sha256:80e6540381080715fddac12690ee42d087d0d17395f8d0078dfd6f1181e7be4c", size = 508587 },
    { url = "https://files.pythonhosted.org/packages/d2/de/c35305886e12d81a6317546f5584a3a4e599e16d5c9a26227595d15c4c27/protobuf-4.21.6-cp39-cp39-win_amd64.whl", hash = "sha256:77b355c8604fe285536155286b28b0c4cbc57cf81b08d8357bf34829ea982860", size = 525426 },
    { url = "https://files.pythonhosted.org/packages/ad/87/b811820454bc74c065c136e78559426fddbacd7b75ea7d179f25b75ad825/protobuf-4.21.6-py2.py3-none-any.whl", hash = "sha256:07a0bb9cc6114f16a39c866dc28b6e3d96fa4ffb9cc1033057412547e6e75cb9", size = 164995 },
    { url = "https://files.pythonhosted.org/packages/d9/c2/ddee769393393e2a15b902a73b884c90eb8d6094e7b005511b1eb84882e0/protobuf-4.21.6-py3-none-any.whl", hash = "sha256:c7c864148a237f058c739ae7a05a2b403c0dfa4ce7d1f3e5213f352ad52d57c6", size = 291643 },
]

[[package]]
name = "python-dateutil"
version = "2.8.2"
source = { registry = "https://pypi.org/simple" }
dependencies = [
    { name = "six" },
]
sdist = { url = "https://files.pythonhosted.org/packages/4c/c4/13b4776ea2d76c115c1d1b84579f3764ee6d57204f6be27119f13a61d0a9/python-dateutil-2.8.2.tar.gz", hash = "sha256:0123cacc1627ae19ddf3c27a5de5bd67ee4586fbdd6440d9748f8abb483d3e86", size = 357324 }
wheels = [
    { url = "https://files.pythonhosted.org/packages/36/7a/87837f39d0296e723bb9b62bbb257d0355c7f6128853c78955f57342a56d/python_dateutil-2.8.2-py2.py3-none-any.whl", hash = "sha256:961d03dc3453ebbc59dbdea9e4e11c5651520a876d0f4db161e8674aae935da9", size = 247702 },
]

[[package]]
name = "six"
version = "1.16.0"
source = { registry = "https://pypi.org/simple" }
sdist = { url = "https://files.pythonhosted.org/packages/71/39/171f1c67cd00715f190ba0b100d606d440a28c93c7714febeca8b79af85e/six-1.16.0.tar.gz", hash = "sha256:1e61c37477a1626458e36f7b1d82aa5c9b094fa4802892072e49de9c60c4c926", size = 34041 }
wheels = [
    { url = "https://files.pythonhosted.org/packages/d9/5a/e7c31adbe875f2abbb91bd84cf2dc52d792b5a01506781dbcf25c91daf11/six-1.16.0-py2.py3-none-any.whl", hash = "sha256:8abb2f1d86890a2dfb989f9a77cfcfd3e47c2a354b01111771326f8aa26e0254", size = 11053 },
]

[[package]]
name = "temporalio"
version = "1.9.0"
source = { registry = "https://pypi.org/simple" }
dependencies = [
    { name = "protobuf" },
    { name = "python-dateutil", marker = "python_full_version < '3.11'" },
    { name = "types-protobuf" },
    { name = "typing-extensions" },
]
sdist = { url = "https://files.pythonhosted.org/packages/22/93/f4f2bd35aef32bc1b37672e7480270e466bc8e5a0dfdbef159bbb21d0c5e/temporalio-1.9.0.tar.gz", hash = "sha256:932b56720a20401f333ffdaea157cc64d0f9d615a2fd16358bee56d9491bff77", size = 1392558 }
wheels = [
    { url = "https://files.pythonhosted.org/packages/92/13/47edab6503b9bd7bc4976e6e5ab358b30c3c7f8b16e1381c8e2bad644153/temporalio-1.9.0-cp38-abi3-macosx_10_9_x86_64.whl", hash = "sha256:ee941702e8925e2c018b5c2d7b296f811205043654d7f9c4564d7fa6597f1989", size = 10603944 },
    { url = "https://files.pythonhosted.org/packages/b7/c7/e5aa41ad3ef102d40774b825a8bc83993640fa32800036f8de403ae98ff7/temporalio-1.9.0-cp38-abi3-macosx_11_0_arm64.whl", hash = "sha256:101040090238d97b61d769e009f732409894d8f26596a3827662f2dde2862097", size = 10344131 },
    { url = "https://files.pythonhosted.org/packages/20/fe/dad35e43291a6f3fd4a954b1a6ef7e07380390e5eeeff851b638a98eb07b/temporalio-1.9.0-cp38-abi3-manylinux2014_aarch64.manylinux_2_17_aarch64.whl", hash = "sha256:91f49b81823f8f44819cc48da0b730175acd793dc428e451e1824b48a4e41465", size = 10922503 },
    { url = "https://files.pythonhosted.org/packages/3f/77/ca59423802df8fe8601c2752dd8d7543fe9789036620b4ec6ce8b363c184/temporalio-1.9.0-cp38-abi3-manylinux2014_x86_64.manylinux_2_17_x86_64.whl", hash = "sha256:f516ae152935ec16afb65b7555486f161b427eaa4b411e945063e31da1a644eb", size = 11036038 },
    { url = "https://files.pythonhosted.org/packages/b2/dd/5918b13f1a76874481755673152a783186819364a6a8577c1c2c12f72deb/temporalio-1.9.0-cp38-abi3-win_amd64.whl", hash = "sha256:254267109e8e5cb3fa35b4719fdde5ec114b264f3b030ab5be6a69f697acdc5e", size = 11246714 },
]

[[package]]
name = "tomli"
version = "2.0.1"
source = { registry = "https://pypi.org/simple" }
sdist = { url = "https://files.pythonhosted.org/packages/c0/3f/d7af728f075fb08564c5949a9c95e44352e23dee646869fa104a3b2060a3/tomli-2.0.1.tar.gz", hash = "sha256:de526c12914f0c550d15924c62d72abc48d6fe7364aa87328337a31007fe8a4f", size = 15164 }
wheels = [
    { url = "https://files.pythonhosted.org/packages/97/75/10a9ebee3fd790d20926a90a2547f0bf78f371b2f13aa822c759680ca7b9/tomli-2.0.1-py3-none-any.whl", hash = "sha256:939de3e7a6161af0c887ef91b7d41a53e7c5a1ca976325f429cb46ea9bc30ecc", size = 12757 },
]

[[package]]
name = "types-protobuf"
version = "3.20.4"
source = { registry = "https://pypi.org/simple" }
sdist = { url = "https://files.pythonhosted.org/packages/95/a4/cb85f4a765adc11716a286dbfe0fc24c6986a6cd5afb03c677839559e1f8/types-protobuf-3.20.4.tar.gz", hash = "sha256:0dad3a5009895c985a56e2837f61902bad9594151265ac0ee907bb16d0b01eb7", size = 45451 }
wheels = [
    { url = "https://files.pythonhosted.org/packages/d8/1b/d4c8a5152ed14828f8d1f2f26cd9d78b8ab975ad55205ba922c0b802665c/types_protobuf-3.20.4-py3-none-any.whl", hash = "sha256:5082437afe64ce3b31c8db109eae86e02fda11e4d5f9ac59cb8578a8a138aa70", size = 60674 },
]

[[package]]
name = "typing-extensions"
version = "4.3.0"
source = { registry = "https://pypi.org/simple" }
sdist = { url = "https://files.pythonhosted.org/packages/9e/1d/d128169ff58c501059330f1ad96ed62b79114a2eb30b8238af63a2e27f70/typing_extensions-4.3.0.tar.gz", hash = "sha256:e6d2677a32f47fc7eb2795db1dd15c1f34eff616bcaf2cfb5e997f854fa1c4a6", size = 47430 }
wheels = [
    { url = "https://files.pythonhosted.org/packages/ed/d6/2afc375a8d55b8be879d6b4986d4f69f01115e795e36827fd3a40166028b/typing_extensions-4.3.0-py3-none-any.whl", hash = "sha256:25642c956049920a5aa49edcdd6ab1e06d7e5d467fc00e0506c44ac86fbfca02", size = 25596 },
]
